{
  "name": "mvp-restaurant-booking",
  "version": "1.0.0",
  "lockfileVersion": 3,
  "requires": true,
  "packages": {
    "": {
      "name": "mvp-restaurant-booking",
      "version": "1.0.0",
      "license": "ISC",
      "workspaces": [
        "packages/*"
      ]
    },
    "node_modules/server": {
      "resolved": "packages/server",
      "link": true
    },
    "packages/server": {
      "version": "1.0.0",
      "license": "ISC"
    }
  }
}
